
Microsoft Visual Studio Solution File, Format Version 12.00
# Visual Studio Version 16
VisualStudioVersion = 16.0.31005.135
MinimumVisualStudioVersion = 10.0.40219.1
Project("{FAE04EC0-301F-11D3-BF4B-00C04F79EFBC}") = "atividade_chapeu_seletor", "atividade_chapeu_seletor\atividade_chapeu_seletor.csproj", "{81763D57-2AAF-4B99-9F5D-F96070C57950}"
EndProject
Global
	GlobalSection(SolutionConfigurationPlatforms) = preSolution
		Debug|Any CPU = Debug|Any CPU
		Release|Any CPU = Release|Any CPU
	EndGlobalSection
	GlobalSection(ProjectConfigurationPlatforms) = postSolution
		{81763D57-2AAF-4B99-9F5D-F96070C57950}.Debug|Any CPU.ActiveCfg = Debug|Any CPU
		{81763D57-2AAF-4B99-9F5D-F96070C57950}.Debug|Any CPU.Build.0 = Debug|Any CPU
		{81763D57-2AAF-4B99-9F5D-F96070C57950}.Release|Any CPU.ActiveCfg = Release|Any CPU
		{81763D57-2AAF-4B99-9F5D-F96070C57950}.Release|Any CPU.Build.0 = Release|Any CPU
	EndGlobalSection
	GlobalSection(SolutionProperties) = preSolution
		HideSolutionNode = FALSE
	EndGlobalSection
	GlobalSection(ExtensibilityGlobals) = postSolution
		SolutionGuid = {50EE7680-1783-4DE8-A079-D3AB98D87FEC}
	EndGlobalSection
EndGlobal
